
Microsoft Visual Studio Solution File, Format Version 12.00
# Visual Studio Version 16
VisualStudioVersion = 16.0.31410.357
MinimumVisualStudioVersion = 10.0.40219.1
Project("{9A19103F-16F7-4668-BE54-9A1E7A4F7556}") = "EmployeeManagement", "EmployeeManagement\EmployeeManagement.csproj", "{58B7FB3A-922F-463E-9D13-78925EC1A147}"
EndProject
Global
	GlobalSection(SolutionConfigurationPlatforms) = preSolution
		Debug|Any CPU = Debug|Any CPU
		Release|Any CPU = Release|Any CPU
	EndGlobalSection
	GlobalSection(ProjectConfigurationPlatforms) = postSolution
		{58B7FB3A-922F-463E-9D13-78925EC1A147}.Debug|Any CPU.ActiveCfg = Debug|Any CPU
		{58B7FB3A-922F-463E-9D13-78925EC1A147}.Debug|Any CPU.Build.0 = Debug|Any CPU
		{58B7FB3A-922F-463E-9D13-78925EC1A147}.Release|Any CPU.ActiveCfg = Release|Any CPU
		{58B7FB3A-922F-463E-9D13-78925EC1A147}.Release|Any CPU.Build.0 = Release|Any CPU
	EndGlobalSection
	GlobalSection(SolutionProperties) = preSolution
		HideSolutionNode = FALSE
	EndGlobalSection
	GlobalSection(ExtensibilityGlobals) = postSolution
		SolutionGuid = {5BCBB8AB-4A35-40F8-99A3-F44F2FE15033}
	EndGlobalSection
EndGlobal
